# This file was autogenerated by uv via the following command:
#    uv pip compile backend/requirements-dev.in --universal --python-version 3.12 --generate-hashes -o backend/requirements-dev.lock
annotated-types==0.8.0 \
    --hash=sha256:13b2beaad985e05e2d6407ee4c4f35590b11f8d693a258a561055cac8f64cab7 \
    --hash=sha256:f072f4d804ea359e4eaf198b1af7a8b0943881a87f31bb764f8bf219bb9419e0
    # via
    #   -r backend/requirements.lock
    #   pydantic
anyio==4.15.1 \
    --hash=sha256:6152fdbbf9a77fdec97731721bebf7c4c44f7c29b424b0065826173efc7ed101 \
    --hash=sha256:9f28306018cbd6d329e64a36d58256edff76dd996fe423bc957326e578b82a94
    # via
    #   -r backend/requirements.lock
    #   httpx
    #   openai
    #   starlette
build==1.2.2.post1 \
    --hash=sha256:1d61c0887fa860c01971625baae8bdd338e517b836a2f70dd1f7aa3a6b2fc5b5 \
    --hash=sha256:b36993e92ca9375a219c99e606a122ff365a760a2d4bba0caa09bd5278b608b7
    # via -r backend/requirements-dev.in
certifi==2026.7.22 \
    --hash=sha256:62f22742b58a1a33014a2b6b706588a8d7e2a88ae7bd1a6ebe8c992928483775 \
    --hash=sha256:741e2c3b351ddf169a738da9f2c048608ff7f2c5cc02f1ebc6b118bb090d5d55
    # via
    #   -r backend/requirements.lock
    #   httpcore
    #   httpx
click==8.5.0 \
    --hash=sha256:255bc9599cf7748b4b1a446ccc735421bd08a2ae529a8b88597d3de5664ee360 \
    --hash=sha256:ba0d2089de75ea0310e2dde03160e6ca10009947fb95a182f9b54021bb272e34
    # via
    #   -r backend/requirements.lock
    #   uvicorn
colorama==0.4.6 ; os_name == 'nt' or sys_platform == 'win32' \
    --hash=sha256:08695f5cb7ed6e0531a20572697297273c47b8cae5a63ffc6d6ed5c201be6e44 \
    --hash=sha256:4f1d9991f5acc0ca119f9d443620b77f9d6b33703e51011c16baf57afb285fc6
    # via
    #   -r backend/requirements.lock
    #   build
    #   pytest
    #   tqdm
distro==1.9.0 \
    --hash=sha256:2fa77c6fd8940f116ee1d6b94a2f90b13b5ea8d019b98bc8bafdcabcdd9bdbed \
    --hash=sha256:7bffd925d65168f85027d8da9af6bddab658135b840670a223589bc0c8ef02b2
    # via
    #   -r backend/requirements.lock
    #   openai
fastapi==0.115.12 \
    --hash=sha256:1e2c2a2646905f9e83d32f04a3f86aff4a286669c6c950ca95b5fd68c2602681 \
    --hash=sha256:e94613d6c05e27be7ffebdd6ea5f388112e5e430c8f7d6494a9d1d88d43e814d
    # via -r backend/requirements.lock
h11==0.16.0 \
    --hash=sha256:4e35b956cf45792e4caa5885e69fba00bdbc6ffafbfa020300e549b208ee5ff1 \
    --hash=sha256:63cf8bbe7522de3bf65932fda1d9c2772064ffb3dae62d55932da54b31cb6c86
    # via
    #   -r backend/requirements.lock
    #   httpcore
    #   uvicorn
httpcore==1.0.9 \
    --hash=sha256:2d400746a40668fc9dec9810239072b40b4484b640a8c38fd654a024c7a1bf55 \
    --hash=sha256:6e34463af53fd2ab5d807f399a9b45ea31c3dfa2276f15a2c3f00afff6e176e8
    # via
    #   -r backend/requirements.lock
    #   httpx
httpx==0.28.1 \
    --hash=sha256:75e98c5f16b0f35b567856f597f06ff2270a374470a5c2392242528e3e3e42fc \
    --hash=sha256:d909fcccc110f8c7faf814ca82a9a4d816bc5a6dbfea25d6591d6985b8ba59ad
    # via
    #   -r backend/requirements-dev.in
    #   -r backend/requirements.lock
    #   openai
idna==3.20 \
    --hash=sha256:a7db850025b95ded1eae8a46181a1a6c56c92c96f0e2b005d9ff8dc0210cab44 \
    --hash=sha256:ab7ae7122974553370f0bdb919e1a960b2cd1bc1ef0276416d896db81c14582c
    # via
    #   -r backend/requirements.lock
    #   anyio
    #   httpx
iniconfig==2.3.0 \
    --hash=sha256:c76315c77db068650d49c5b56314774a7804df16fee4402c1f19d6d15d8c4730 \
    --hash=sha256:f631c04d2c48c52b84d0d0549c99ff3859c98df65b3101406327ecc7d53fbf12
    # via pytest
jiter==0.17.0 \
    --hash=sha256:00b5a98df3e3a3e8cf7b619f4ac2f8bf975bbf3d95d02c5d17b8dbfe5c8b8245 \
    --hash=sha256:00d783a779c5664e16dbad5e3a3c3a75e128b07dd5f4765159658d9210a50ca5 \
    --hash=sha256:0239520085cac678e77a606fd7e3f1c60c371d719790c5e3807388d3da4354c2 \
    --hash=sha256:02a360707033d8cef53f7f3480817a1489177a259ec6ec01e98c37e0b922ddca \
    --hash=sha256:02adebb7ce6413c44d40af9ad59d1c1cd79630ccdcb6f7bdd2d461e48c03d8f9 \
    --hash=sha256:03e432f226a453851079fb84cd17c6da9991eab723e28d716f14ae3d906e0c12 \
    --hash=sha256:0619d806e260ecf0c2a64521942c94af5d547c9ec99b55ae4f51b538b5576a76 \
    --hash=sha256:073dc68c1a700c8fc480e877864a6b6ffc887533e261f4380c08c16bf09d057a \
    --hash=sha256:0b52d52035b3907c5b1f6277857b29c1cbfc965e24e0f27330dbed83edb591ec \
    --hash=sha256:10c5349312e5cb02b7a21e123a57665afa895953f05bf252a9dd4c13a572b7ab \
    --hash=sha256:10cd64a5720ad7f809ac5466ff1705813f1b6b510f195a73acafba0ac0e1f675 \
    --hash=sha256:10f5558eed511b830488003449d942bd75829ad6257dc58cb9a03e596a7777b1 \
    --hash=sha256:11902505d401691720f5785c15b02204248526edee11b635cd6c40cd52b81599 \
    --hash=sha256:155be7355bdb7ca76ab0961be8982c225f964a5c073a83984183f22391cc29fc \
    --hash=sha256:16dd0c1baf098ae70b8f3616574eb3fedf34e26670b89e16a7e67561f737ed2d \
    --hash=sha256:1b18434638228c0c184281609bf3d9459026a0f1ea48fb76c205e3ef72069caa \
    --hash=sha256:29f49b325e0234e4ad9ecca5b861ffbd09b95ccac9bd46fa55841b6e56eea5fe \
    --hash=sha256:2c45ad7c973ef33fe5114a953377b35a95240f4542c0724d9f781e47dc24bac7 \
    --hash=sha256:300ce01ab0215e3dea4d00090143c909aedc65c0f809b3c07983e1d038f291b9 \
    --hash=sha256:30793a24a31e968969757c9e08d830cbb15a2cd3c4959b4498b38f4b1c2258eb \
    --hash=sha256:30c692d567ba206c7cca38c9d1d0ccc70c9786290173c184d871ca12e9981ed7 \
    --hash=sha256:32aaaa764604496610a3ad2d98503ae88ccb2fbe769e892ff4533e778e85f708 \
    --hash=sha256:362bb47423886d45a9f705d2d9d4008c6eedd4e41eb1bab4e96fb6daa06b33fd \
    --hash=sha256:36ee6e69027396664e59995b9a635a947a5304ee9837279584a0bb8145c8f6b8 \
    --hash=sha256:370d8fe5bf201dc6925e8a84c81ac7291f74d9fd1778234fc79d517064a5c76b \
    --hash=sha256:37150a9e02e869475854fa20b7d0d5e26d18d0f8bc17293999973ff27e99ae7a \
    --hash=sha256:37f33d327900bf2879613b3363fd48df97b4232d0c41f54bcf2e790c2fc40a71 \
    --hash=sha256:3ad556afc289f15d2b181b941982d01f06190863c07440185b9f354e1bd2def3 \
    --hash=sha256:3bf4dc2b84a464117fb097d15a25c58d100d2692888e3b0d92df5b48ed16b7c0 \
    --hash=sha256:3c1a5336c04a41b1f1cf9572e294aec27cc569767ff73de7bf87a91f0bea7cb9 \
    --hash=sha256:3e05f5adbf68c4bd11e1610f394034d984152988e84be6f8314235ce6f2139e5 \
    --hash=sha256:40d2c240f8f80b5b0f201b29f0ae129c81448c60c772227a41747b5e0026f6a2 \
    --hash=sha256:42b0260445251b1bc520a63baa94a32d88e0f931fba234f1764db7feb7c72174 \
    --hash=sha256:454c4997d73cc466c71fd565d91e603b0274e48ea0c6b0b7a7aee6967e4ceb7c \
    --hash=sha256:455e4ab35cb2a4a91a8404e08fd3c621bae433922e59bf1c494fe20a426b013b \
    --hash=sha256:4607ec7d93355fbc25b8dc5189153cf21d66063b9f9cd04dd2774e6e783f9b6a \
    --hash=sha256:470e1b1e4c42f1ead2189166a299691871a2df5056c976e7fb96feafaf5f9d44 \
    --hash=sha256:492f37230bbf9581ab2c17bcda862c249afb9ae2e3ab2dd6db59943bc4cc3153 \
    --hash=sha256:4dfbfe5a6e1e80a7082af559f66386405025ec278833e0c649f69cbc6e1004cc \
    --hash=sha256:4e3f052c671d5f425cca5ea5901cf11a831369fba4a55a3862cab93c323b4c3b \
    --hash=sha256:5078ab00664307fab2019b522a93aeb191122789f085daf5fd9e362154021d4a \
    --hash=sha256:51e1519d676a9f14dad9c2a411170d43b022ddb7989562df4e849b261ce127b2 \
    --hash=sha256:523c499235fb65add25d4bb01b1c4709ce695efdc7deb6c0a7bc515b5c44e0fb \
    --hash=sha256:545c36a0f3b2238c242cc9785439d3242a871b7bc39fe3f441bcaa07bf3aa83e \
    --hash=sha256:55d0e0e613a3f9ad600cf436e0e2b8057d1b52bcf1d91b2d36ac53451231e6a8 \
    --hash=sha256:5888fe5abc1ca2fa834a3e1b4c7ef0dcece286a7d7e95a609ef0934b777b9fc9 \
    --hash=sha256:58df29268a95e910f17db7ec9178eb7f15aa8619aaca3575275c4e6b3f4fe4c5 \
    --hash=sha256:59bddbe6f9ffecc68d641e1e2d619ce64cf8a9e9eeb74e5c518f74fc87abf1b0 \
    --hash=sha256:5a52a430d04225ffde633e6840bf2381d34c019ff98526b5929755b9052fb199 \
    --hash=sha256:5bf350452a43173e69e1fc74847c57a60e3d7515807287f29849baa2a85d8718 \
    --hash=sha256:5c23849235d2142ce444b2b8c6eceee9f82f4cc0bd5c9081602e4155c6197807 \
    --hash=sha256:61aed66ee042b3b49ef85fdf75714234d055d89d8496ac1c6e47f89e7a30d5e4 \
    --hash=sha256:6219adaf59711ba7063a52496e8ec6d3fa3e209d7827d83eee3b2abc780a1744 \
    --hash=sha256:64846211a2debe7c071d2146d2283d2b0c1c93dc8fd5fb7794faac2ca6061b5c \
    --hash=sha256:686c93d86f2b426c803024b805bd161a6cd10e9627c23e901640eab646c0ad8a \
    --hash=sha256:6871973bfbd4408f7f1c632b30bbb5bbd9671c1bc8650af6823e24b7be13709b \
    --hash=sha256:6af5b74073bd25bae695e6d00919f6a9be7ed5a9f8836d981eb1ffe84139e6fb \
    --hash=sha256:6b303d88e6a0bda789ec4b7801c7bad68e27230ba1fe4baffc756d1fbd32dc9d \
    --hash=sha256:6cb41cd1432f1dc19a231cf70b54d42b2c9f05085155859263fce06fa4d41388 \
    --hash=sha256:6cf564d43c4388149ca58ee571d0f5ccf875e20d1fd4662fd94cc0d1ea3b10ef \
    --hash=sha256:6eb6aedeb7352b8f3b6af9cbd67983840165c00428e63f1b420a85885128ea31 \
    --hash=sha256:70f19a2ca8429f91e82eeffb2f51cb87bc2d6e953b009b91a92d29c3a16ccb03 \
    --hash=sha256:71dbd74314c5df52a1bccf7b8bca46d14e943af7a2012e73b23f49977ef194c8 \
    --hash=sha256:73b64e69c4150748e020356d958af94bec33c70a0a93d665cfa8f6d580fe1a63 \
    --hash=sha256:746243a080b4ca790b8499af3d7cf9825d5f5987933950cd818e767ee353d826 \
    --hash=sha256:755079792868ce5d4938e83b91a0939b34fb858a1ca65a104f2d771bea57faa1 \
    --hash=sha256:7573e80232c5bcf80c24c038cf7e53a463f5c3b1dd1dd4109d66304f4dccc233 \
    --hash=sha256:76eb4a5c20e86f9f848286f167024890f2862258a965d254774deb7fc1545ca1 \
    --hash=sha256:77f6aac0137309b31448c1bdcda4c6c77077664a6d018ece8d94019c68a5a5b9 \
    --hash=sha256:785a216bbaf8f15fc974e964ced7322cd3d774bb0e86949edd78c6bffd6ba35b \
    --hash=sha256:7b68d3495d95da120651a5628c7ebadee84ed001a1b76e6afc325c42482f15b5 \
    --hash=sha256:8079849db9a1371bfd90bad088458a8fb836261879df2233cc9632464ecf64e1 \
    --hash=sha256:81c83c0abe614446a283d994d2c07c4f58632dea2cdf66ba9e2921bb8ccd593e \
    --hash=sha256:826871c42cebaae22f0a2b5673a4a1a75c851bb2d13b3c17764a630a6b298984 \
    --hash=sha256:84963d3f395ef5e9a32ce47155e08a7962fa292c159a10cb98b931cef1416925 \
    --hash=sha256:84ac78df457e1ee3f7e733bd114823302ae8c5ad5542d7e6647d92ffaa090a04 \
    --hash=sha256:86d703d9faa1ffc8ae4e9de0fa007712ed2171b5c0d93811a8e2e105ac729b0d \
    --hash=sha256:86f3f9343a288eb85a81ef20a752b2f84564296636db54a9fff0b5c8deaf1df2 \
    --hash=sha256:8adca2e793288e5f1bb29279bb439d0d3cfbb50eddca7e7e6ffd42ff4f482406 \
    --hash=sha256:8c21265b251d99bbb40080d178a8953e35601d3a1564e05c4de4c0d2ca616797 \
    --hash=sha256:8c286860abfe8b100cac1c02e225e5776eb9216edd71ba17cdb237da4af32bc9 \
    --hash=sha256:8f770b0c77e5fac482e1ba03ca1a7e18286bfb213d749932a00a7e4cd5de5e06 \
    --hash=sha256:93946d89fa04d5ba64dd323a8dd8d901676cb8a3c81d99ae4f6c051a9b4c3f2f \
    --hash=sha256:96b8b0c6dc5d78682f54a450785e075aa929cde768304cad363cd4efba5a82ac \
    --hash=sha256:9bd3caac219df476dd0cc3fe01d2f1581ed588906feac767abd9614c1c12f8b3 \
    --hash=sha256:a277f97eba7d66b1ee27eb5dab5b774ff46a10c78d89a1d3dcce04ce1357c8ca \
    --hash=sha256:a3cebb1fe4a1abb00465f3f8a17e09112603e8b7c59e5c3adbcd9f7815a64acd \
    --hash=sha256:ac3c6ee3264d6f5c44c617f90bc7e8b9e1587e7d6708c9d8f811cb65582ee312 \
    --hash=sha256:af2f7501580f274b63c4b2283bc425f5df7edf06ae5b171e5f87d912ff359a20 \
    --hash=sha256:b550585523339b71cb852b811aae49d08d7601ad8ffe9f5dc1562f4c3d22fd87 \
    --hash=sha256:b75f85660108965a94be77911a25a253429307294d9415b3c597118977a614de \
    --hash=sha256:b847b18d066c46b3b7ae49d6c94a7634c5e4a8983146ee25562a092000f5e3ad \
    --hash=sha256:bcc064f99183a9cbe7f26ed648c352031a74145cd61ed75d34632c73eb46a5a8 \
    --hash=sha256:c19b9357309b8cc6de8a48fca8e44a8c9c2feaaa2f5896d037fa505d48fcab80 \
    --hash=sha256:c4289293e5278d9314b00f15c37f2120fa51d3d68565292e715524c750e775a9 \
    --hash=sha256:cfafd7be8b16ceadd298db542cead37cddc211c4c49e04ad2596924df18625b1 \
    --hash=sha256:d0ce4feb52493e3513335b2accdcd75605652e4632772d3c8c2f7b86954d7f39 \
    --hash=sha256:d2c0bf24c72fd0491405dce5d40194f2070e9021ce648c1a1d46234b93d848ff \
    --hash=sha256:d47687806f9c54c84ea38733507081337922beca90ce819c7d852dd485bc0f23 \
    --hash=sha256:d85c558c9f8532bba287a990ac63767c7daf756f0d8c030219f62499b1fa228a \
    --hash=sha256:da139721f4b7cafdbff580a4f511ea24cb91f4909330c6b926a1ca53836c0a59 \
    --hash=sha256:dbbfe4e3c21c8166980cddc5bee1a315df082454f007947dfb6fb73800768165 \
    --hash=sha256:dc0288ce39190ee33fe6e4ec73161eed34e7e2da509b525546ca061778d62b64 \
    --hash=sha256:e088612ff90ebc9247e1a43074b72835804261c47e6a6c01cb3ddcb55360d688 \
    --hash=sha256:e654b6b04e39c9cb19cb8b04c6ddf1f2db07751fa14156413969fd78bad0e5cb \
    --hash=sha256:eaba834b72d573547b9d966465b3394b749d5e14208cc70acb63aca37619ab33 \
    --hash=sha256:eae86b1f027031e39db2e0e9c4842221edb7b8cd474d23f87a79b3bd4b651768 \
    --hash=sha256:eb2295da7c3769f6719b227a237aa6a5cfa6550e478bc838001b592c57e16575 \
    --hash=sha256:ebf918dfd6a74adc1b9ad71f63c4ab00902fcd3b7fd39f2e24d871db8d713b91 \
    --hash=sha256:ec89771f4272b989487a6364e519db6bbaba323e8bbf949ac89a45ea9c18b7a3 \
    --hash=sha256:ed1a24005daac667d577402d75a2922f9775a165b146b883ff1ad3602d8be689 \
    --hash=sha256:efe9f61bb30174d2f5c8396445c360c96c44e78164d0815dfe627ccf57849574 \
    --hash=sha256:f0bc7f684b65bcda9c20434267577db71bf9905ceddd32b60d1d93278d8c8d3a \
    --hash=sha256:f3d7f7b34114f7ddc6d72a8e882d49de636b35d9fd12b4d420d3c5729f6c9812 \
    --hash=sha256:f753eb70b1474a29e635e7542ff7312e6d6b951e0b25e8a2e8c34eeb1ddcd478 \
    --hash=sha256:fa13acf1046f95df808c64b1310705e143fab87aee73ae00cc42d640867fd2c1 \
    --hash=sha256:fd7790aa79c8b518e512ebcdfce9f11d8ef5f30efd43720c8a19a548b39fa489 \
    --hash=sha256:fe15ddf316f1f1f643347d3a474e74ce61880c79a11ec5dca53df20c071bd3e8 \
    --hash=sha256:ffa0380ad091de7d3fc33e17a97ff479851ee18a0a2a3ee56ff3215cdc886656
    # via
    #   -r backend/requirements.lock
    #   openai
mutagen==1.47.0 \
    --hash=sha256:719fadef0a978c31b4cf3c956261b3c58b6948b32023078a2117b1de09f0fc99 \
    --hash=sha256:edd96f50c5907a9539d8e5bba7245f62c9f520aef333d13392a79a4f70aca719
    # via -r backend/requirements.lock
openai==1.78.1 \
    --hash=sha256:7368bf147ca499804cc408fe68cdb6866a060f38dec961bbc97b04f9d917907e \
    --hash=sha256:8b26b364531b100df1b961d03560042e5f5be11301d7d49a6cd1a2b9af824dca
    # via -r backend/requirements.lock
packaging==26.3 \
    --hash=sha256:94edc256424af38762eb31306eed28beb9f0efc50a8837492c9d6fd6004aed79 \
    --hash=sha256:d7193f7c8e4e93f444fde0262bf90af30e16fa0ad0ad44cb553c87339b23cd1c
    # via
    #   build
    #   pytest
pluggy==1.6.0 \
    --hash=sha256:7dcc130b76258d33b90f61b658791dede3486c3e6bfb003ee5c9bfb396dd22f3 \
    --hash=sha256:e920276dd6813095e9377c0bc5566d94c932c33b27a3e3945d8389c374dd4746
    # via pytest
prometheus-client==0.21.1 \
    --hash=sha256:252505a722ac04b0456be05c05f75f45d760c2911ffc45f2a06bcaed9f3ae3fb \
    --hash=sha256:594b45c410d6f4f8888940fe80b5cc2521b305a1fafe1c58609ef715a001f301
    # via -r backend/requirements.lock
pydantic==2.11.4 \
    --hash=sha256:32738d19d63a226a52eed76645a98ee07c1f410ee41d93b4afbfa85ed8111c2d \
    --hash=sha256:d9615eaa9ac5a063471da949c8fc16376a84afb5024688b3ff885693506764eb
    # via
    #   -r backend/requirements.lock
    #   fastapi
    #   openai
    #   pydantic-settings
pydantic-core==2.33.2 \
    --hash=sha256:0069c9acc3f3981b9ff4cdfaf088e98d83440a4c7ea1bc07460af3d4dc22e72d \
    --hash=sha256:031c57d67ca86902726e0fae2214ce6770bbe2f710dc33063187a68744a5ecac \
    --hash=sha256:0405262705a123b7ce9f0b92f123334d67b70fd1f20a9372b907ce1080c7ba02 \
    --hash=sha256:04a1a413977ab517154eebb2d326da71638271477d6ad87a769102f7c2488c56 \
    --hash=sha256:09fb9dd6571aacd023fe6aaca316bd01cf60ab27240d7eb39ebd66a3a15293b4 \
    --hash=sha256:0a39979dcbb70998b0e505fb1556a1d550a0781463ce84ebf915ba293ccb7e22 \
    --hash=sha256:0a9f2c9dd19656823cb8250b0724ee9c60a82f3cdf68a080979d13092a3b0fef \
    --hash=sha256:0e03262ab796d986f978f79c943fc5f620381be7287148b8010b4097f79a39ec \
    --hash=sha256:0e5b2671f05ba48b94cb90ce55d8bdcaaedb8ba00cc5359f6810fc918713983d \
    --hash=sha256:0e6116757f7959a712db11f3e9c0a99ade00a5bbedae83cb801985aa154f071b \
    --hash=sha256:0fb2d542b4d66f9470e8065c5469ec676978d625a8b7a363f07d9a501a9cb36a \
    --hash=sha256:1082dd3e2d7109ad8b7da48e1d4710c8d06c253cbc4a27c1cff4fbcaa97a9e3f \
    --hash=sha256:1a8695a8d00c73e50bff9dfda4d540b7dee29ff9b8053e38380426a85ef10052 \
    --hash=sha256:1e063337ef9e9820c77acc768546325ebe04ee38b08703244c1309cccc4f1bab \
    --hash=sha256:1ea40a64d23faa25e62a70ad163571c0b342b8bf66d5fa612ac0dec4f069d916 \
    --hash=sha256:2058a32994f1fde4ca0480ab9d1e75a0e8c87c22b53a3ae66554f9af78f2fe8c \
    --hash=sha256:235f45e5dbcccf6bd99f9f472858849f73d11120d76ea8707115415f8e5ebebf \
    --hash=sha256:2807668ba86cb38c6817ad9bc66215ab8584d1d304030ce4f0887336f28a5e27 \
    --hash=sha256:2b0a451c263b01acebe51895bfb0e1cc842a5c666efe06cdf13846c7418caa9a \
    --hash=sha256:2b3d326aaef0c0399d9afffeb6367d5e26ddc24d351dbc9c636840ac355dc5d8 \
    --hash=sha256:2bfb5112df54209d820d7bf9317c7a6c9025ea52e49f46b6a2060104bba37de7 \
    --hash=sha256:2f82865531efd18d6e07a04a17331af02cb7a651583c418df8266f17a63c6612 \
    --hash=sha256:329467cecfb529c925cf2bbd4d60d2c509bc2fb52a20c1045bf09bb70971a9c1 \
    --hash=sha256:3a1c81334778f9e3af2f8aeb7a960736e5cab1dfebfb26aabca09afd2906c039 \
    --hash=sha256:3abcd9392a36025e3bd55f9bd38d908bd17962cc49bc6da8e7e96285336e2bca \
    --hash=sha256:3c6db6e52c6d70aa0d00d45cdb9b40f0433b96380071ea80b09277dba021ddf7 \
    --hash=sha256:3dc625f4aa79713512d1976fe9f0bc99f706a9dee21dfd1810b4bbbf228d0e8a \
    --hash=sha256:3eb3fe62804e8f859c49ed20a8451342de53ed764150cb14ca71357c765dc2a6 \
    --hash=sha256:44857c3227d3fb5e753d5fe4a3420d6376fa594b07b621e220cd93703fe21782 \
    --hash=sha256:4b25d91e288e2c4e0662b8038a28c6a07eaac3e196cfc4ff69de4ea3db992a1b \
    --hash=sha256:4c5b0a576fb381edd6d27f0a85915c6daf2f8138dc5c267a57c08a62900758c7 \
    --hash=sha256:4e61206137cbc65e6d5256e1166f88331d3b6238e082d9f74613b9b765fb9025 \
    --hash=sha256:52fb90784e0a242bb96ec53f42196a17278855b0f31ac7c3cc6f5c1ec4811849 \
    --hash=sha256:53a57d2ed685940a504248187d5685e49eb5eef0f696853647bf37c418c538f7 \
    --hash=sha256:572c7e6c8bb4774d2ac88929e3d1f12bc45714ae5ee6d9a788a9fb35e60bb04b \
    --hash=sha256:5c4aa4e82353f65e548c476b37e64189783aa5384903bfea4f41580f255fddfa \
    --hash=sha256:5c92edd15cd58b3c2d34873597a1e20f13094f59cf88068adb18947df5455b4e \
    --hash=sha256:5f483cfb75ff703095c59e365360cb73e00185e01aaea067cd19acffd2ab20ea \
    --hash=sha256:61c18fba8e5e9db3ab908620af374db0ac1baa69f0f32df4f61ae23f15e586ac \
    --hash=sha256:6368900c2d3ef09b69cb0b913f9f8263b03786e5b2a387706c5afb66800efd51 \
    --hash=sha256:64632ff9d614e5eecfb495796ad51b0ed98c453e447a76bcbeeb69615079fc7e \
    --hash=sha256:65132b7b4a1c0beded5e057324b7e16e10910c106d43675d9bd87d4f38dde162 \
    --hash=sha256:6b99022f1d19bc32a4c2a0d544fc9a76e3be90f0b3f4af413f87d38749300e65 \
    --hash=sha256:6bdfe4b3789761f3bcb4b1ddf33355a71079858958e3a552f16d5af19768fef2 \
    --hash=sha256:6fa6dfc3e4d1f734a34710f391ae822e0a8eb8559a85c6979e14e65ee6ba2954 \
    --hash=sha256:73662edf539e72a9440129f231ed3757faab89630d291b784ca99237fb94db2b \
    --hash=sha256:73cf6373c21bc80b2e0dc88444f41ae60b2f070ed02095754eb5a01df12256de \
    --hash=sha256:7cb8bc3605c29176e1b105350d2e6474142d7c1bd1d9327c4a9bdb46bf827acc \
    --hash=sha256:7f92c15cd1e97d4b12acd1cc9004fa092578acfa57b67ad5e43a197175d01a64 \
    --hash=sha256:82f68293f055f51b51ea42fafc74b6aad03e70e191799430b90c13d643059ebb \
    --hash=sha256:83aa99b1285bc8f038941ddf598501a86f1536789740991d7d8756e34f1e74d9 \
    --hash=sha256:87acbfcf8e90ca885206e98359d7dca4bcbb35abdc0ff66672a293e1d7a19101 \
    --hash=sha256:87b31b6846e361ef83fedb187bb5b4372d0da3f7e28d85415efa92d6125d6e6d \
    --hash=sha256:881b21b5549499972441da4758d662aeea93f1923f953e9cbaff14b8b9565aef \
    --hash=sha256:8d55ab81c57b8ff8548c3e4947f119551253f4e3787a7bbc0b6b3ca47498a9d3 \
    --hash=sha256:8f57a69461af2a5fa6e6bbd7a5f60d3b7e6cebb687f55106933188e79ad155c1 \
    --hash=sha256:95237e53bb015f67b63c91af7518a62a8660376a6a0db19b89acc77a4d6199f5 \
    --hash=sha256:96081f1605125ba0855dfda83f6f3df5ec90c61195421ba72223de35ccfb2f88 \
    --hash=sha256:970919794d126ba8645f3837ab6046fb4e72bbc057b3709144066204c19a455d \
    --hash=sha256:9cb1da0f5a471435a7bc7e439b8a728e8b61e59784b2af70d7c169f8dd8ae290 \
    --hash=sha256:9fcd347d2cc5c23b06de6d3b7b8275be558a0c90549495c699e379a80bf8379e \
    --hash=sha256:9fdac5d6ffa1b5a83bca06ffe7583f5576555e6c8b3a91fbd25ea7780f825f7d \
    --hash=sha256:a11c8d26a50bfab49002947d3d237abe4d9e4b5bdc8846a63537b6488e197808 \
    --hash=sha256:a144d4f717285c6d9234a66778059f33a89096dfb9b39117663fd8413d582dcc \
    --hash=sha256:a2b911a5b90e0374d03813674bf0a5fbbb7741570dcd4b4e85a2e48d17def29d \
    --hash=sha256:a7ec89dc587667f22b6a0b6579c249fca9026ce7c333fc142ba42411fa243cdc \
    --hash=sha256:aa9d91b338f2df0508606f7009fde642391425189bba6d8c653afd80fd6bb64e \
    --hash=sha256:b0379a2b24882fef529ec3b4987cb5d003b9cda32256024e6fe1586ac45fc640 \
    --hash=sha256:bc7aee6f634a6f4a95676fcb5d6559a2c2a390330098dba5e5a5f28a2e4ada30 \
    --hash=sha256:bdc25f3681f7b78572699569514036afe3c243bc3059d3942624e936ec93450e \
    --hash=sha256:c083a3bdd5a93dfe480f1125926afcdbf2917ae714bdb80b36d34318b2bec5d9 \
    --hash=sha256:c20c462aa4434b33a2661701b861604913f912254e441ab8d78d30485736115a \
    --hash=sha256:c2fc0a768ef76c15ab9238afa6da7f69895bb5d1ee83aeea2e3509af4472d0b9 \
    --hash=sha256:c52b02ad8b4e2cf14ca7b3d918f3eb0ee91e63b3167c32591e57c4317e134f8f \
    --hash=sha256:c54c939ee22dc8e2d545da79fc5381f1c020d6d3141d3bd747eab59164dc89fb \
    --hash=sha256:c8e7af2f4e0194c22b5b37205bfb293d166a7344a5b0d0eaccebc376546d77d5 \
    --hash=sha256:cca3868ddfaccfbc4bfb1d608e2ccaaebe0ae628e1416aeb9c4d88c001bb45ab \
    --hash=sha256:d3f26877a748dc4251cfcfda9dfb5f13fcb034f5308388066bcfe9031b63ae7d \
    --hash=sha256:d53b22f2032c42eaaf025f7c40c2e3b94568ae077a606f006d206a463bc69572 \
    --hash=sha256:d87c561733f66531dced0da6e864f44ebf89a8fba55f31407b00c2f7f9449593 \
    --hash=sha256:d946c8bf0d5c24bf4fe333af284c59a19358aa3ec18cb3dc4370080da1e8ad29 \
    --hash=sha256:dac89aea9af8cd672fa7b510e7b8c33b0bba9a43186680550ccf23020f32d535 \
    --hash=sha256:db4b41f9bd95fbe5acd76d89920336ba96f03e149097365afe1cb092fceb89a1 \
    --hash=sha256:dc46a01bf8d62f227d5ecee74178ffc448ff4e5197c756331f71efcc66dc980f \
    --hash=sha256:dd14041875d09cc0f9308e37a6f8b65f5585cf2598a53aa0123df8b129d481f8 \
    --hash=sha256:de4b83bb311557e439b9e186f733f6c645b9417c84e2eb8203f3f820a4b988bf \
    --hash=sha256:e799c050df38a639db758c617ec771fd8fb7a5f8eaaa4b27b101f266b216a246 \
    --hash=sha256:e80b087132752f6b3d714f041ccf74403799d3b23a72722ea2e6ba2e892555b9 \
    --hash=sha256:eb8c529b2819c37140eb51b914153063d27ed88e3bdc31b71198a198e921e011 \
    --hash=sha256:eb9b459ca4df0e5c87deb59d37377461a538852765293f9e6ee834f0435a93b9 \
    --hash=sha256:efec8db3266b76ef9607c2c4c419bdb06bf335ae433b80816089ea7585816f6a \
    --hash=sha256:f481959862f57f29601ccced557cc2e817bce7533ab8e01a797a48b49c9692b3 \
    --hash=sha256:f517ca031dfc037a9c07e748cefd8d96235088b83b4f4ba8939105d20fa1dcd6 \
    --hash=sha256:f889f7a40498cc077332c7ab6b4608d296d852182211787d4f3ee377aaae66e8 \
    --hash=sha256:f8de619080e944347f5f20de29a975c2d815d9ddd8be9b9b7268e2e3ef68605a \
    --hash=sha256:f941635f2a3d96b2973e867144fde513665c87f13fe0e193c158ac51bfaaa7b2 \
    --hash=sha256:fa754d1850735a0b0e03bcffd9d4b4343eb417e47196e4485d9cca326073a42c \
    --hash=sha256:fa854f5cf7e33842a892e5c73f45327760bc7bc516339fda888c75ae60edaeb6 \
    --hash=sha256:fe5b32187cbc0c862ee201ad66c30cf218e5ed468ec8dc1cf49dec66e160cc4d
    # via
    #   -r backend/requirements.lock
    #   pydantic
pydantic-settings==2.9.1 \
    --hash=sha256:59b4f431b1defb26fe620c71a7d3968a710d719f5f4cdbbdb7926edeb770f6ef \
    --hash=sha256:c509bf79d27563add44e8446233359004ed85066cd096d8b510f715e6ef5d268
    # via -r backend/requirements.lock
pyproject-hooks==1.3.3 \
    --hash=sha256:5fc53fdac9f7bd63fbcdc868fb5f90b4784d78a53a3d3388cd738b807441a20b \
    --hash=sha256:defda19b854fa0d3bd4f76ea4ddcba8abd7dcfcdd585a6690ade050744fc5f43
    # via build
pytest==8.3.5 \
    --hash=sha256:c69214aa47deac29fad6c2a4f590b9c4a9fdb16a403176fe154b79c0b4d4d820 \
    --hash=sha256:f4efe70cc14e511565ac476b57c279e12a855b11f48f212af1080ef2263d3845
    # via
    #   -r backend/requirements-dev.in
    #   pytest-asyncio
pytest-asyncio==0.26.0 \
    --hash=sha256:7b51ed894f4fbea1340262bdae5135797ebbe21d8638978e35d31c6d19f72fb0 \
    --hash=sha256:c4df2a697648241ff39e7f0e4a73050b03f123f760673956cf0d72a4990e312f
    # via -r backend/requirements-dev.in
python-dotenv==1.1.0 \
    --hash=sha256:41f90bc6f5f177fb41f53e87666db362025010eb28f60a01c9143bfa33a2b2d5 \
    --hash=sha256:d7c01d9e2293916c18baf562d95698754b0dbbb5e74d457c45d4f6561fb9d55d
    # via
    #   -r backend/requirements.lock
    #   pydantic-settings
python-multipart==0.0.20 \
    --hash=sha256:8a62d3a8335e06589fe01f2a3e178cdcc632f3fbe0d492ad9ee0ec35aab1f104 \
    --hash=sha256:8dd0cab45b8e23064ae09147625994d090fa46f5b0d1e13af944c331a7fa9d13
    # via -r backend/requirements.lock
setuptools==80.9.0 \
    --hash=sha256:062d34222ad13e0cc312a4c02d73f059e86a4acbfbdea8f8f76b28c99f306922 \
    --hash=sha256:f36b47402ecde768dbfafc46e8e4207b4360c654f1f3bb84475f0a28628fb19c
    # via -r backend/requirements-dev.in
sniffio==1.3.1 \
    --hash=sha256:2f6da418d1f1e0fddd844478f41680e794e6051915791a034ff65e5f100525a2 \
    --hash=sha256:f4324edc670a0f49750a81b895f35c3adb843cca46f0530f79fc1babb23789dc
    # via
    #   -r backend/requirements.lock
    #   openai
starlette==0.46.2 \
    --hash=sha256:595633ce89f8ffa71a015caed34a5b2dc1c0cdb3f0f1fbd1e69339cf2abeec35 \
    --hash=sha256:7f7361f34eed179294600af672f565727419830b54b7b084efe44bb82d2fccd5
    # via
    #   -r backend/requirements.lock
    #   fastapi
tqdm==4.70.1 \
    --hash=sha256:c293e525e6fef9c20e8728fd4612df02a0aa31bb5fe91ecd93e123b1b7bffa73 \
    --hash=sha256:cefd0eca11b2a37a3aee776544d4f4ae913f02688135b5556b8788dfa474afc4
    # via
    #   -r backend/requirements.lock
    #   openai
typing-extensions==4.16.0 \
    --hash=sha256:481caa481374e813c1b176ada14e97f1f67a4539ce9cfeb3f350d78d6370c2e8 \
    --hash=sha256:dc983d19a509c94dba722ee6abd33940f7c05a89e243c47e907eb4db6f1a43e5
    # via
    #   -r backend/requirements.lock
    #   anyio
    #   fastapi
    #   openai
    #   pydantic
    #   pydantic-core
    #   typing-inspection
typing-inspection==0.4.4 \
    --hash=sha256:547274fa6b0a561ccf549cc9524b999a578e737d015d8709d021f9d0d13bea47 \
    --hash=sha256:65b8397ba37ccbce054456aaccddfc91e6e3083c92824df348d96ca832f3f147
    # via
    #   -r backend/requirements.lock
    #   pydantic
    #   pydantic-settings
uvicorn==0.34.2 \
    --hash=sha256:0e929828f6186353a80b58ea719861d2629d766293b6d19baf086ba31d4f3328 \
    --hash=sha256:deb49af569084536d269fe0a6d67e3754f104cf03aba7c11c40f01aadf33c403
    # via -r backend/requirements.lock
websockets==15.0.1 \
    --hash=sha256:0701bc3cfcb9164d04a14b149fd74be7347a530ad3bbf15ab2c678a2cd3dd9a2 \
    --hash=sha256:0a34631031a8f05657e8e90903e656959234f3a04552259458aac0b0f9ae6fd9 \
    --hash=sha256:0af68c55afbd5f07986df82831c7bff04846928ea8d1fd7f30052638788bc9b5 \
    --hash=sha256:0c9e74d766f2818bb95f84c25be4dea09841ac0f734d1966f415e4edfc4ef1c3 \
    --hash=sha256:0f3c1e2ab208db911594ae5b4f79addeb3501604a165019dd221c0bdcabe4db8 \
    --hash=sha256:0fdfe3e2a29e4db3659dbd5bbf04560cea53dd9610273917799f1cde46aa725e \
    --hash=sha256:1009ee0c7739c08a0cd59de430d6de452a55e42d6b522de7aa15e6f67db0b8e1 \
    --hash=sha256:1234d4ef35db82f5446dca8e35a7da7964d02c127b095e172e54397fb6a6c256 \
    --hash=sha256:16b6c1b3e57799b9d38427dda63edcbe4926352c47cf88588c0be4ace18dac85 \
    --hash=sha256:2034693ad3097d5355bfdacfffcbd3ef5694f9718ab7f29c29689a9eae841880 \
    --hash=sha256:21c1fa28a6a7e3cbdc171c694398b6df4744613ce9b36b1a498e816787e28123 \
    --hash=sha256:229cf1d3ca6c1804400b0a9790dc66528e08a6a1feec0d5040e8b9eb14422375 \
    --hash=sha256:27ccee0071a0e75d22cb35849b1db43f2ecd3e161041ac1ee9d2352ddf72f065 \
    --hash=sha256:363c6f671b761efcb30608d24925a382497c12c506b51661883c3e22337265ed \
    --hash=sha256:39c1fec2c11dc8d89bba6b2bf1556af381611a173ac2b511cf7231622058af41 \
    --hash=sha256:3b1ac0d3e594bf121308112697cf4b32be538fb1444468fb0a6ae4feebc83411 \
    --hash=sha256:3be571a8b5afed347da347bfcf27ba12b069d9d7f42cb8c7028b5e98bbb12597 \
    --hash=sha256:3c714d2fc58b5ca3e285461a4cc0c9a66bd0e24c5da9911e30158286c9b5be7f \
    --hash=sha256:3d00075aa65772e7ce9e990cab3ff1de702aa09be3940d1dc88d5abf1ab8a09c \
    --hash=sha256:3e90baa811a5d73f3ca0bcbf32064d663ed81318ab225ee4f427ad4e26e5aff3 \
    --hash=sha256:47819cea040f31d670cc8d324bb6435c6f133b8c7a19ec3d61634e62f8d8f9eb \
    --hash=sha256:47b099e1f4fbc95b701b6e85768e1fcdaf1630f3cbe4765fa216596f12310e2e \
    --hash=sha256:4a9fac8e469d04ce6c25bb2610dc535235bd4aa14996b4e6dbebf5e007eba5ee \
    --hash=sha256:4b826973a4a2ae47ba357e4e82fa44a463b8f168e1ca775ac64521442b19e87f \
    --hash=sha256:4c2529b320eb9e35af0fa3016c187dffb84a3ecc572bcee7c3ce302bfeba52bf \
    --hash=sha256:54479983bd5fb469c38f2f5c7e3a24f9a4e70594cd68cd1fa6b9340dadaff7cf \
    --hash=sha256:558d023b3df0bffe50a04e710bc87742de35060580a293c2a984299ed83bc4e4 \
    --hash=sha256:5756779642579d902eed757b21b0164cd6fe338506a8083eb58af5c372e39d9a \
    --hash=sha256:592f1a9fe869c778694f0aa806ba0374e97648ab57936f092fd9d87f8bc03665 \
    --hash=sha256:595b6c3969023ecf9041b2936ac3827e4623bfa3ccf007575f04c5a6aa318c22 \
    --hash=sha256:5a939de6b7b4e18ca683218320fc67ea886038265fd1ed30173f5ce3f8e85675 \
    --hash=sha256:5d54b09eba2bada6011aea5375542a157637b91029687eb4fdb2dab11059c1b4 \
    --hash=sha256:5df592cd503496351d6dc14f7cdad49f268d8e618f80dce0cd5a36b93c3fc08d \
    --hash=sha256:5f4c04ead5aed67c8a1a20491d54cdfba5884507a48dd798ecaf13c74c4489f5 \
    --hash=sha256:64dee438fed052b52e4f98f76c5790513235efaa1ef7f3f2192c392cd7c91b65 \
    --hash=sha256:66dd88c918e3287efc22409d426c8f729688d89a0c587c88971a0faa2c2f3792 \
    --hash=sha256:678999709e68425ae2593acf2e3ebcbcf2e69885a5ee78f9eb80e6e371f1bf57 \
    --hash=sha256:67f2b6de947f8c757db2db9c71527933ad0019737ec374a8a6be9a956786aaf9 \
    --hash=sha256:693f0192126df6c2327cce3baa7c06f2a117575e32ab2308f7f8216c29d9e2e3 \
    --hash=sha256:746ee8dba912cd6fc889a8147168991d50ed70447bf18bcda7039f7d2e3d9151 \
    --hash=sha256:756c56e867a90fb00177d530dca4b097dd753cde348448a1012ed6c5131f8b7d \
    --hash=sha256:76d1f20b1c7a2fa82367e04982e708723ba0e7b8d43aa643d3dcd404d74f1475 \
    --hash=sha256:7f493881579c90fc262d9cdbaa05a6b54b3811c2f300766748db79f098db9940 \
    --hash=sha256:823c248b690b2fd9303ba00c4f66cd5e2d8c3ba4aa968b2779be9532a4dad431 \
    --hash=sha256:82544de02076bafba038ce055ee6412d68da13ab47f0c60cab827346de828dee \
    --hash=sha256:8dd8327c795b3e3f219760fa603dcae1dcc148172290a8ab15158cf85a953413 \
    --hash=sha256:8fdc51055e6ff4adeb88d58a11042ec9a5eae317a0a53d12c062c8a8865909e8 \
    --hash=sha256:a625e06551975f4b7ea7102bc43895b90742746797e2e14b70ed61c43a90f09b \
    --hash=sha256:abdc0c6c8c648b4805c5eacd131910d2a7f6455dfd3becab248ef108e89ab16a \
    --hash=sha256:ac017dd64572e5c3bd01939121e4d16cf30e5d7e110a119399cf3133b63ad054 \
    --hash=sha256:ac1e5c9054fe23226fb11e05a6e630837f074174c4c2f0fe442996112a6de4fb \
    --hash=sha256:ac60e3b188ec7574cb761b08d50fcedf9d77f1530352db4eef1707fe9dee7205 \
    --hash=sha256:b359ed09954d7c18bbc1680f380c7301f92c60bf924171629c5db97febb12f04 \
    --hash=sha256:b7643a03db5c95c799b89b31c036d5f27eeb4d259c798e878d6937d71832b1e4 \
    --hash=sha256:ba9e56e8ceeeedb2e080147ba85ffcd5cd0711b89576b83784d8605a7df455fa \
    --hash=sha256:c338ffa0520bdb12fbc527265235639fb76e7bc7faafbb93f6ba80d9c06578a9 \
    --hash=sha256:cad21560da69f4ce7658ca2cb83138fb4cf695a2ba3e475e0559e05991aa8122 \
    --hash=sha256:d08eb4c2b7d6c41da6ca0600c077e93f5adcfd979cd777d747e9ee624556da4b \
    --hash=sha256:d50fd1ee42388dcfb2b3676132c78116490976f1300da28eb629272d5d93e905 \
    --hash=sha256:d591f8de75824cbb7acad4e05d2d710484f15f29d4a915092675ad3456f11770 \
    --hash=sha256:d5f6b181bb38171a8ad1d6aa58a67a6aa9d4b38d0f8c5f496b9e42561dfc62fe \
    --hash=sha256:d63efaa0cd96cf0c5fe4d581521d9fa87744540d4bc999ae6e08595a1014b45b \
    --hash=sha256:d99e5546bf73dbad5bf3547174cd6cb8ba7273062a23808ffea025ecb1cf8562 \
    --hash=sha256:e09473f095a819042ecb2ab9465aee615bd9c2028e4ef7d933600a8401c79561 \
    --hash=sha256:e8b56bdcdb4505c8078cb6c7157d9811a85790f2f2b3632c7d1462ab5783d215 \
    --hash=sha256:ee443ef070bb3b6ed74514f5efaa37a252af57c90eb33b956d35c8e9c10a1931 \
    --hash=sha256:f29d80eb9a9263b8d109135351caf568cc3f80b9928bccde535c235de55c22d9 \
    --hash=sha256:f7a866fbc1e97b5c617ee4116daaa09b722101d4a3c170c787450ba409f9736f \
    --hash=sha256:fcd5cf9e305d7b8338754470cf69cf81f420459dbae8a3b40cee57417f4614a7
    # via -r backend/requirements.lock
wheel==0.45.1 \
    --hash=sha256:661e1abd9198507b1409a20c02106d9670b2576e916d58f520316666abca6729 \
    --hash=sha256:708e7481cc80179af0e556bbf0cc00b8444c7321e2700b8d8580231d13017248
    # via -r backend/requirements-dev.in
